
Microsoft Visual Studio Solution File, Format Version 12.00
# Visual Studio Version 17
VisualStudioVersion = 17.10.35027.167
MinimumVisualStudioVersion = 10.0.40219.1
Project("{FAE04EC0-301F-11D3-BF4B-00C04F79EFBC}") = "Server", "Server\Server.csproj", "{378F4D94-3F51-4CAE-9B7C-0BB443557129}"
EndProject
Global
	GlobalSection(SolutionConfigurationPlatforms) = preSolution
		Debug|Any CPU = Debug|Any CPU
		Release|Any CPU = Release|Any CPU
	EndGlobalSection
	GlobalSection(ProjectConfigurationPlatforms) = postSolution
		{378F4D94-3F51-4CAE-9B7C-0BB443557129}.Debug|Any CPU.ActiveCfg = Debug|Any CPU
		{378F4D94-3F51-4CAE-9B7C-0BB443557129}.Debug|Any CPU.Build.0 = Debug|Any CPU
		{378F4D94-3F51-4CAE-9B7C-0BB443557129}.Release|Any CPU.ActiveCfg = Release|Any CPU
		{378F4D94-3F51-4CAE-9B7C-0BB443557129}.Release|Any CPU.Build.0 = Release|Any CPU
	EndGlobalSection
	GlobalSection(SolutionProperties) = preSolution
		HideSolutionNode = FALSE
	EndGlobalSection
	GlobalSection(ExtensibilityGlobals) = postSolution
		SolutionGuid = {171A1CA7-BBFF-40A2-A1E5-D143A4465CB2}
	EndGlobalSection
EndGlobal
